
Microsoft Visual Studio Solution File, Format Version 12.00
# Visual Studio Version 16
VisualStudioVersion = 16.0.31005.135
MinimumVisualStudioVersion = 10.0.40219.1
Project("{FAE04EC0-301F-11D3-BF4B-00C04F79EFBC}") = "301109706(Mohammadi)_Lab05", "301109706(Mohammadi)_Lab05\301109706(Mohammadi)_Lab05.csproj", "{C5FF3490-93AE-4F2F-B177-FF9588D6C2DC}"
EndProject
Global
	GlobalSection(SolutionConfigurationPlatforms) = preSolution
		Debug|Any CPU = Debug|Any CPU
		Release|Any CPU = Release|Any CPU
	EndGlobalSection
	GlobalSection(ProjectConfigurationPlatforms) = postSolution
		{C5FF3490-93AE-4F2F-B177-FF9588D6C2DC}.Debug|Any CPU.ActiveCfg = Debug|Any CPU
		{C5FF3490-93AE-4F2F-B177-FF9588D6C2DC}.Debug|Any CPU.Build.0 = Debug|Any CPU
		{C5FF3490-93AE-4F2F-B177-FF9588D6C2DC}.Release|Any CPU.ActiveCfg = Release|Any CPU
		{C5FF3490-93AE-4F2F-B177-FF9588D6C2DC}.Release|Any CPU.Build.0 = Release|Any CPU
	EndGlobalSection
	GlobalSection(SolutionProperties) = preSolution
		HideSolutionNode = FALSE
	EndGlobalSection
	GlobalSection(ExtensibilityGlobals) = postSolution
		SolutionGuid = {8C3F83AB-DD90-44FB-83F4-F6B3F8988220}
	EndGlobalSection
EndGlobal
