
Microsoft Visual Studio Solution File, Format Version 12.00
# Visual Studio Version 16
VisualStudioVersion = 16.0.31005.135
MinimumVisualStudioVersion = 10.0.40219.1
Project("{FAE04EC0-301F-11D3-BF4B-00C04F79EFBC}") = "301109706(Mohammadi)_Lab03", "301109706(Mohammadi)_Lab03\301109706(Mohammadi)_Lab03.csproj", "{47053D79-0BBF-4AA4-BA22-96275014594E}"
EndProject
Global
	GlobalSection(SolutionConfigurationPlatforms) = preSolution
		Debug|Any CPU = Debug|Any CPU
		Release|Any CPU = Release|Any CPU
	EndGlobalSection
	GlobalSection(ProjectConfigurationPlatforms) = postSolution
		{47053D79-0BBF-4AA4-BA22-96275014594E}.Debug|Any CPU.ActiveCfg = Debug|Any CPU
		{47053D79-0BBF-4AA4-BA22-96275014594E}.Debug|Any CPU.Build.0 = Debug|Any CPU
		{47053D79-0BBF-4AA4-BA22-96275014594E}.Release|Any CPU.ActiveCfg = Release|Any CPU
		{47053D79-0BBF-4AA4-BA22-96275014594E}.Release|Any CPU.Build.0 = Release|Any CPU
	EndGlobalSection
	GlobalSection(SolutionProperties) = preSolution
		HideSolutionNode = FALSE
	EndGlobalSection
	GlobalSection(ExtensibilityGlobals) = postSolution
		SolutionGuid = {57E6CB75-5F10-4C00-9BA7-9661FD10F41F}
	EndGlobalSection
EndGlobal
