
Microsoft Visual Studio Solution File, Format Version 12.00
# Visual Studio Version 16
VisualStudioVersion = 16.0.31005.135
MinimumVisualStudioVersion = 10.0.40219.1
Project("{FAE04EC0-301F-11D3-BF4B-00C04F79EFBC}") = "301109706(Mohammadi)_Lab04", "301109706(Mohammadi)_Lab04\301109706(Mohammadi)_Lab04.csproj", "{21DD099C-BD32-4C44-9530-F5C260B0541E}"
EndProject
Global
	GlobalSection(SolutionConfigurationPlatforms) = preSolution
		Debug|Any CPU = Debug|Any CPU
		Release|Any CPU = Release|Any CPU
	EndGlobalSection
	GlobalSection(ProjectConfigurationPlatforms) = postSolution
		{21DD099C-BD32-4C44-9530-F5C260B0541E}.Debug|Any CPU.ActiveCfg = Debug|Any CPU
		{21DD099C-BD32-4C44-9530-F5C260B0541E}.Debug|Any CPU.Build.0 = Debug|Any CPU
		{21DD099C-BD32-4C44-9530-F5C260B0541E}.Release|Any CPU.ActiveCfg = Release|Any CPU
		{21DD099C-BD32-4C44-9530-F5C260B0541E}.Release|Any CPU.Build.0 = Release|Any CPU
	EndGlobalSection
	GlobalSection(SolutionProperties) = preSolution
		HideSolutionNode = FALSE
	EndGlobalSection
	GlobalSection(ExtensibilityGlobals) = postSolution
		SolutionGuid = {B8A21F17-EAA0-4902-A652-C7DE4454FD6C}
	EndGlobalSection
EndGlobal
